# THIS IS AN AUTOGENERATED FILE. DO NOT EDIT THIS FILE DIRECTLY.
# yarn lockfile v1


flow-bin@^0.122.0:
  version "0.122.0"
  resolved "https://registry.yarnpkg.com/flow-bin/-/flow-bin-0.122.0.tgz#c723a2b33b1a70bd10204704ae1dc776d5d89d79"
  integrity sha512-my8N5jgl/A+UVby9E7NDppHdhLgRbWgKbmFZSx2MSYMRh3d9YGnM2MM+wexpUpl0ftY1IM6ZcUwaAhrypLyvlA==
